// !$*UTF8*$!
{
	archiveVersion = 1;
	classes = {
	};
	objectVersion = 45;
	objects = {

/* Begin PBXAggregateTarget section */
		24416B8111C4CA220047AFDD /* Build & Test */ = {
			isa = PBXAggregateTarget;
			buildConfigurationList = 24416B8A11C4CA520047AFDD /* Build configuration list for PBXAggregateTarget "Build & Test" */;
			buildPhases = (
				24416B8011C4CA220047AFDD /* ShellScript */,
			);
			dependencies = (
				24416B8511C4CA280047AFDD /* PBXTargetDependency */,
			);
			name = "Build & Test";
			productName = "Build & test";
		};
/* End PBXAggregateTarget section */

/* Begin PBXBuildFile section */
		24DD6CFA1134B3F500162E58 /* DkNappUiModule.m in Sources */ = {isa = PBXBuildFile; fileRef = 24DD6CF81134B3F500162E58 /* DkNappUiModule.m */; };
		24DE9E1211C5FE74003F90F6 /* DkNappUiModuleAssets.m in Sources */ = {isa = PBXBuildFile; fileRef = 24DE9E1011C5FE74003F90F6 /* DkNappUiModuleAssets.m */; };
		AA747D9F0F9514B9006C5449 /* DkNappUi_Prefix.pch in Headers */ = {isa = PBXBuildFile; fileRef = AA747D9E0F9514B9006C5449 /* DkNappUi_Prefix.pch */; };
		AACBBE4A0F95108600F1A2B1 /* Foundation.framework in Frameworks */ = {isa = PBXBuildFile; fileRef = AACBBE490F95108600F1A2B1 /* Foundation.framework */; };
		B6080BF9179048DA00A05964 /* TiUIiOSToolbarProxy+Extended.h in Headers */ = {isa = PBXBuildFile; fileRef = B679C12A177C79AE0069CD29 /* TiUIiOSToolbarProxy+Extended.h */; };
		B6080BFA179048DA00A05964 /* TiUIPicker+Extended.h in Headers */ = {isa = PBXBuildFile; fileRef = B679C12C177C79AE0069CD29 /* TiUIPicker+Extended.h */; };
		B6080BFB179048DA00A05964 /* TiUIScrollableView+Extend.h in Headers */ = {isa = PBXBuildFile; fileRef = B679C12E177C79AE0069CD29 /* TiUIScrollableView+Extend.h */; };
		B6080BFC179048DA00A05964 /* TiUISearchBar+Extended.h in Headers */ = {isa = PBXBuildFile; fileRef = B679C130177C79AE0069CD29 /* TiUISearchBar+Extended.h */; };
		B6080BFD179048DA00A05964 /* TiUITabGroup+Extend.h in Headers */ = {isa = PBXBuildFile; fileRef = B679C132177C79AF0069CD29 /* TiUITabGroup+Extend.h */; };
		B6080BFE179048DA00A05964 /* TiUITextField+Extended.h in Headers */ = {isa = PBXBuildFile; fileRef = B679C134177C79AF0069CD29 /* TiUITextField+Extended.h */; };
		B6080BFF179048DA00A05964 /* TiUIView+Animation.h in Headers */ = {isa = PBXBuildFile; fileRef = B679C136177C79AF0069CD29 /* TiUIView+Animation.h */; };
		B6080C00179048DA00A05964 /* TiUIView+Gestures.h in Headers */ = {isa = PBXBuildFile; fileRef = B679C138177C79AF0069CD29 /* TiUIView+Gestures.h */; };
		B6080C01179048DA00A05964 /* TiUIView+TiUIWindow+Blurred.h in Headers */ = {isa = PBXBuildFile; fileRef = B679C13A177C79AF0069CD29 /* TiUIView+TiUIWindow+Blurred.h */; };
		B6080C02179048DA00A05964 /* TiUIView+WithShadow.h in Headers */ = {isa = PBXBuildFile; fileRef = B679C13C177C79AF0069CD29 /* TiUIView+WithShadow.h */; };
		B6080C03179048DA00A05964 /* TiUIWebView+Extend.h in Headers */ = {isa = PBXBuildFile; fileRef = B679C13E177C79AF0069CD29 /* TiUIWebView+Extend.h */; };
		B6080C04179048ED00A05964 /* TiUIiOSToolbarProxy+Extended.m in Sources */ = {isa = PBXBuildFile; fileRef = B679C12B177C79AE0069CD29 /* TiUIiOSToolbarProxy+Extended.m */; };
		B6080C05179048ED00A05964 /* TiUIPicker+Extended.m in Sources */ = {isa = PBXBuildFile; fileRef = B679C12D177C79AE0069CD29 /* TiUIPicker+Extended.m */; };
		B6080C06179048ED00A05964 /* TiUIScrollableView+Extend.m in Sources */ = {isa = PBXBuildFile; fileRef = B679C12F177C79AE0069CD29 /* TiUIScrollableView+Extend.m */; };
		B6080C07179048ED00A05964 /* TiUISearchBar+Extended.m in Sources */ = {isa = PBXBuildFile; fileRef = B679C131177C79AF0069CD29 /* TiUISearchBar+Extended.m */; };
		B6080C08179048ED00A05964 /* TiUITabGroup+Extend.m in Sources */ = {isa = PBXBuildFile; fileRef = B679C133177C79AF0069CD29 /* TiUITabGroup+Extend.m */; };
		B6080C09179048ED00A05964 /* TiUITextField+Extended.m in Sources */ = {isa = PBXBuildFile; fileRef = B679C135177C79AF0069CD29 /* TiUITextField+Extended.m */; };
		B6080C0A179048ED00A05964 /* TiUIView+Animation.m in Sources */ = {isa = PBXBuildFile; fileRef = B679C137177C79AF0069CD29 /* TiUIView+Animation.m */; };
		B6080C0B179048ED00A05964 /* TiUIView+Gestures.m in Sources */ = {isa = PBXBuildFile; fileRef = B679C139177C79AF0069CD29 /* TiUIView+Gestures.m */; };
		B6080C0C179048ED00A05964 /* TiUIView+TiUIWindow+Blurred.m in Sources */ = {isa = PBXBuildFile; fileRef = B679C13B177C79AF0069CD29 /* TiUIView+TiUIWindow+Blurred.m */; };
		B6080C0D179048ED00A05964 /* TiUIView+WithShadow.m in Sources */ = {isa = PBXBuildFile; fileRef = B679C13D177C79AF0069CD29 /* TiUIView+WithShadow.m */; };
		B6080C0E179048ED00A05964 /* TiUIWebView+Extend.m in Sources */ = {isa = PBXBuildFile; fileRef = B679C13F177C79AF0069CD29 /* TiUIWebView+Extend.m */; };
		B6655F42177C506F004E2E16 /* DkNappUiModuleAssets.h in Headers */ = {isa = PBXBuildFile; fileRef = 24DE9E0F11C5FE74003F90F6 /* DkNappUiModuleAssets.h */; };
		B679C0DB177C732E0069CD29 /* UIKit.framework in Frameworks */ = {isa = PBXBuildFile; fileRef = B679C0D9177C73250069CD29 /* UIKit.framework */; };
		B679C158177C79D90069CD29 /* JRSwizzle.h in Headers */ = {isa = PBXBuildFile; fileRef = B679C156177C79D90069CD29 /* JRSwizzle.h */; };
		B679C159177C79D90069CD29 /* JRSwizzle.m in Sources */ = {isa = PBXBuildFile; fileRef = B679C157177C79D90069CD29 /* JRSwizzle.m */; };
		B6A113281793249C0017AEF2 /* TiUIiPhoneNavigationGroupProxy+Extended.h in Headers */ = {isa = PBXBuildFile; fileRef = B6A113261793249C0017AEF2 /* TiUIiPhoneNavigationGroupProxy+Extended.h */; };
		B6A113291793249C0017AEF2 /* TiUIiPhoneNavigationGroupProxy+Extended.m in Sources */ = {isa = PBXBuildFile; fileRef = B6A113271793249C0017AEF2 /* TiUIiPhoneNavigationGroupProxy+Extended.m */; };
		B6CF8919177C1BAC005806B5 /* QuartzCore.framework in Frameworks */ = {isa = PBXBuildFile; fileRef = B6CF8917177C1BA5005806B5 /* QuartzCore.framework */; };
/* End PBXBuildFile section */

/* Begin PBXContainerItemProxy section */
		24416B8411C4CA280047AFDD /* PBXContainerItemProxy */ = {
			isa = PBXContainerItemProxy;
			containerPortal = 0867D690FE84028FC02AAC07 /* Project object */;
			proxyType = 1;
			remoteGlobalIDString = D2AAC07D0554694100DB518D;
			remoteInfo = nappui;
		};
/* End PBXContainerItemProxy section */

/* Begin PBXFileReference section */
		24DD6CF71134B3F500162E58 /* DkNappUiModule.h */ = {isa = PBXFileReference; fileEncoding = 4; lastKnownFileType = sourcecode.c.h; name = DkNappUiModule.h; path = Classes/DkNappUiModule.h; sourceTree = "<group>"; };
		24DD6CF81134B3F500162E58 /* DkNappUiModule.m */ = {isa = PBXFileReference; fileEncoding = 4; lastKnownFileType = sourcecode.c.objc; name = DkNappUiModule.m; path = Classes/DkNappUiModule.m; sourceTree = "<group>"; };
		24DD6D1B1134B66800162E58 /* titanium.xcconfig */ = {isa = PBXFileReference; fileEncoding = 4; lastKnownFileType = text.xcconfig; path = titanium.xcconfig; sourceTree = "<group>"; };
		24DE9E0F11C5FE74003F90F6 /* DkNappUiModuleAssets.h */ = {isa = PBXFileReference; fileEncoding = 4; lastKnownFileType = sourcecode.c.h; name = DkNappUiModuleAssets.h; path = Classes/DkNappUiModuleAssets.h; sourceTree = "<group>"; };
		24DE9E1011C5FE74003F90F6 /* DkNappUiModuleAssets.m */ = {isa = PBXFileReference; fileEncoding = 4; lastKnownFileType = sourcecode.c.objc; name = DkNappUiModuleAssets.m; path = Classes/DkNappUiModuleAssets.m; sourceTree = "<group>"; };
		AA747D9E0F9514B9006C5449 /* DkNappUi_Prefix.pch */ = {isa = PBXFileReference; fileEncoding = 4; lastKnownFileType = sourcecode.c.h; path = DkNappUi_Prefix.pch; sourceTree = SOURCE_ROOT; };
		AACBBE490F95108600F1A2B1 /* Foundation.framework */ = {isa = PBXFileReference; lastKnownFileType = wrapper.framework; name = Foundation.framework; path = System/Library/Frameworks/Foundation.framework; sourceTree = SDKROOT; };
		B679C0D9177C73250069CD29 /* UIKit.framework */ = {isa = PBXFileReference; lastKnownFileType = wrapper.framework; name = UIKit.framework; path = System/Library/Frameworks/UIKit.framework; sourceTree = SDKROOT; };
		B679C12A177C79AE0069CD29 /* TiUIiOSToolbarProxy+Extended.h */ = {isa = PBXFileReference; fileEncoding = 4; lastKnownFileType = sourcecode.c.h; name = "TiUIiOSToolbarProxy+Extended.h"; path = "Classes/TiUIiOSToolbarProxy+Extended.h"; sourceTree = "<group>"; };
		B679C12B177C79AE0069CD29 /* TiUIiOSToolbarProxy+Extended.m */ = {isa = PBXFileReference; fileEncoding = 4; lastKnownFileType = sourcecode.c.objc; name = "TiUIiOSToolbarProxy+Extended.m"; path = "Classes/TiUIiOSToolbarProxy+Extended.m"; sourceTree = "<group>"; };
		B679C12C177C79AE0069CD29 /* TiUIPicker+Extended.h */ = {isa = PBXFileReference; fileEncoding = 4; lastKnownFileType = sourcecode.c.h; name = "TiUIPicker+Extended.h"; path = "Classes/TiUIPicker+Extended.h"; sourceTree = "<group>"; };
		B679C12D177C79AE0069CD29 /* TiUIPicker+Extended.m */ = {isa = PBXFileReference; fileEncoding = 4; lastKnownFileType = sourcecode.c.objc; name = "TiUIPicker+Extended.m"; path = "Classes/TiUIPicker+Extended.m"; sourceTree = "<group>"; };
		B679C12E177C79AE0069CD29 /* TiUIScrollableView+Extend.h */ = {isa = PBXFileReference; fileEncoding = 4; lastKnownFileType = sourcecode.c.h; name = "TiUIScrollableView+Extend.h"; path = "Classes/TiUIScrollableView+Extend.h"; sourceTree = "<group>"; };
		B679C12F177C79AE0069CD29 /* TiUIScrollableView+Extend.m */ = {isa = PBXFileReference; fileEncoding = 4; lastKnownFileType = sourcecode.c.objc; name = "TiUIScrollableView+Extend.m"; path = "Classes/TiUIScrollableView+Extend.m"; sourceTree = "<group>"; };
		B679C130177C79AE0069CD29 /* TiUISearchBar+Extended.h */ = {isa = PBXFileReference; fileEncoding = 4; lastKnownFileType = sourcecode.c.h; name = "TiUISearchBar+Extended.h"; path = "Classes/TiUISearchBar+Extended.h"; sourceTree = "<group>"; };
		B679C131177C79AF0069CD29 /* TiUISearchBar+Extended.m */ = {isa = PBXFileReference; fileEncoding = 4; lastKnownFileType = sourcecode.c.objc; name = "TiUISearchBar+Extended.m"; path = "Classes/TiUISearchBar+Extended.m"; sourceTree = "<group>"; };
		B679C132177C79AF0069CD29 /* TiUITabGroup+Extend.h */ = {isa = PBXFileReference; fileEncoding = 4; lastKnownFileType = sourcecode.c.h; name = "TiUITabGroup+Extend.h"; path = "Classes/TiUITabGroup+Extend.h"; sourceTree = "<group>"; };
		B679C133177C79AF0069CD29 /* TiUITabGroup+Extend.m */ = {isa = PBXFileReference; fileEncoding = 4; lastKnownFileType = sourcecode.c.objc; name = "TiUITabGroup+Extend.m"; path = "Classes/TiUITabGroup+Extend.m"; sourceTree = "<group>"; };
		B679C134177C79AF0069CD29 /* TiUITextField+Extended.h */ = {isa = PBXFileReference; fileEncoding = 4; lastKnownFileType = sourcecode.c.h; name = "TiUITextField+Extended.h"; path = "Classes/TiUITextField+Extended.h"; sourceTree = "<group>"; };
		B679C135177C79AF0069CD29 /* TiUITextField+Extended.m */ = {isa = PBXFileReference; fileEncoding = 4; lastKnownFileType = sourcecode.c.objc; name = "TiUITextField+Extended.m"; path = "Classes/TiUITextField+Extended.m"; sourceTree = "<group>"; };
		B679C136177C79AF0069CD29 /* TiUIView+Animation.h */ = {isa = PBXFileReference; fileEncoding = 4; lastKnownFileType = sourcecode.c.h; name = "TiUIView+Animation.h"; path = "Classes/TiUIView+Animation.h"; sourceTree = "<group>"; };
		B679C137177C79AF0069CD29 /* TiUIView+Animation.m */ = {isa = PBXFileReference; fileEncoding = 4; lastKnownFileType = sourcecode.c.objc; name = "TiUIView+Animation.m"; path = "Classes/TiUIView+Animation.m"; sourceTree = "<group>"; };
		B679C138177C79AF0069CD29 /* TiUIView+Gestures.h */ = {isa = PBXFileReference; fileEncoding = 4; lastKnownFileType = sourcecode.c.h; name = "TiUIView+Gestures.h"; path = "Classes/TiUIView+Gestures.h"; sourceTree = "<group>"; };
		B679C139177C79AF0069CD29 /* TiUIView+Gestures.m */ = {isa = PBXFileReference; fileEncoding = 4; lastKnownFileType = sourcecode.c.objc; name = "TiUIView+Gestures.m"; path = "Classes/TiUIView+Gestures.m"; sourceTree = "<group>"; };
		B679C13A177C79AF0069CD29 /* TiUIView+TiUIWindow+Blurred.h */ = {isa = PBXFileReference; fileEncoding = 4; lastKnownFileType = sourcecode.c.h; name = "TiUIView+TiUIWindow+Blurred.h"; path = "Classes/TiUIView+TiUIWindow+Blurred.h"; sourceTree = "<group>"; };
		B679C13B177C79AF0069CD29 /* TiUIView+TiUIWindow+Blurred.m */ = {isa = PBXFileReference; fileEncoding = 4; lastKnownFileType = sourcecode.c.objc; name = "TiUIView+TiUIWindow+Blurred.m"; path = "Classes/TiUIView+TiUIWindow+Blurred.m"; sourceTree = "<group>"; };
		B679C13C177C79AF0069CD29 /* TiUIView+WithShadow.h */ = {isa = PBXFileReference; fileEncoding = 4; lastKnownFileType = sourcecode.c.h; name = "TiUIView+WithShadow.h"; path = "Classes/TiUIView+WithShadow.h"; sourceTree = "<group>"; };
		B679C13D177C79AF0069CD29 /* TiUIView+WithShadow.m */ = {isa = PBXFileReference; fileEncoding = 4; lastKnownFileType = sourcecode.c.objc; name = "TiUIView+WithShadow.m"; path = "Classes/TiUIView+WithShadow.m"; sourceTree = "<group>"; };
		B679C13E177C79AF0069CD29 /* TiUIWebView+Extend.h */ = {isa = PBXFileReference; fileEncoding = 4; lastKnownFileType = sourcecode.c.h; name = "TiUIWebView+Extend.h"; path = "Classes/TiUIWebView+Extend.h"; sourceTree = "<group>"; };
		B679C13F177C79AF0069CD29 /* TiUIWebView+Extend.m */ = {isa = PBXFileReference; fileEncoding = 4; lastKnownFileType = sourcecode.c.objc; name = "TiUIWebView+Extend.m"; path = "Classes/TiUIWebView+Extend.m"; sourceTree = "<group>"; };
		B679C156177C79D90069CD29 /* JRSwizzle.h */ = {isa = PBXFileReference; fileEncoding = 4; lastKnownFileType = sourcecode.c.h; name = JRSwizzle.h; path = Classes/JRSwizzle.h; sourceTree = "<group>"; };
		B679C157177C79D90069CD29 /* JRSwizzle.m */ = {isa = PBXFileReference; fileEncoding = 4; lastKnownFileType = sourcecode.c.objc; name = JRSwizzle.m; path = Classes/JRSwizzle.m; sourceTree = "<group>"; };
		B6A113261793249C0017AEF2 /* TiUIiPhoneNavigationGroupProxy+Extended.h */ = {isa = PBXFileReference; fileEncoding = 4; lastKnownFileType = sourcecode.c.h; name = "TiUIiPhoneNavigationGroupProxy+Extended.h"; path = "Classes/TiUIiPhoneNavigationGroupProxy+Extended.h"; sourceTree = "<group>"; };
		B6A113271793249C0017AEF2 /* TiUIiPhoneNavigationGroupProxy+Extended.m */ = {isa = PBXFileReference; fileEncoding = 4; lastKnownFileType = sourcecode.c.objc; name = "TiUIiPhoneNavigationGroupProxy+Extended.m"; path = "Classes/TiUIiPhoneNavigationGroupProxy+Extended.m"; sourceTree = "<group>"; };
		B6CF8917177C1BA5005806B5 /* QuartzCore.framework */ = {isa = PBXFileReference; lastKnownFileType = wrapper.framework; name = QuartzCore.framework; path = System/Library/Frameworks/QuartzCore.framework; sourceTree = SDKROOT; };
		D2AAC07E0554694100DB518D /* libDkNappUi.a */ = {isa = PBXFileReference; explicitFileType = archive.ar; includeInIndex = 0; path = libDkNappUi.a; sourceTree = BUILT_PRODUCTS_DIR; };
/* End PBXFileReference section */

/* Begin PBXFrameworksBuildPhase section */
		D2AAC07C0554694100DB518D /* Frameworks */ = {
			isa = PBXFrameworksBuildPhase;
			buildActionMask = 2147483647;
			files = (
				AACBBE4A0F95108600F1A2B1 /* Foundation.framework in Frameworks */,
				B6CF8919177C1BAC005806B5 /* QuartzCore.framework in Frameworks */,
				B679C0DB177C732E0069CD29 /* UIKit.framework in Frameworks */,
			);
			runOnlyForDeploymentPostprocessing = 0;
		};
/* End PBXFrameworksBuildPhase section */

/* Begin PBXGroup section */
		034768DFFF38A50411DB9C8B /* Products */ = {
			isa = PBXGroup;
			children = (
				D2AAC07E0554694100DB518D /* libDkNappUi.a */,
			);
			name = Products;
			sourceTree = "<group>";
		};
		0867D691FE84028FC02AAC07 /* nappui */ = {
			isa = PBXGroup;
			children = (
				08FB77AEFE84172EC02AAC07 /* Classes */,
				32C88DFF0371C24200C91783 /* Other Sources */,
				0867D69AFE84028FC02AAC07 /* Frameworks */,
				034768DFFF38A50411DB9C8B /* Products */,
			);
			name = nappui;
			sourceTree = "<group>";
		};
		0867D69AFE84028FC02AAC07 /* Frameworks */ = {
			isa = PBXGroup;
			children = (
				B679C0D9177C73250069CD29 /* UIKit.framework */,
				B6CF8917177C1BA5005806B5 /* QuartzCore.framework */,
				AACBBE490F95108600F1A2B1 /* Foundation.framework */,
			);
			name = Frameworks;
			sourceTree = "<group>";
		};
		08FB77AEFE84172EC02AAC07 /* Classes */ = {
			isa = PBXGroup;
			children = (
				B679C156177C79D90069CD29 /* JRSwizzle.h */,
				B679C157177C79D90069CD29 /* JRSwizzle.m */,
				B679C12A177C79AE0069CD29 /* TiUIiOSToolbarProxy+Extended.h */,
				B679C12B177C79AE0069CD29 /* TiUIiOSToolbarProxy+Extended.m */,
				B679C12C177C79AE0069CD29 /* TiUIPicker+Extended.h */,
				B679C12D177C79AE0069CD29 /* TiUIPicker+Extended.m */,
				B679C12E177C79AE0069CD29 /* TiUIScrollableView+Extend.h */,
				B679C12F177C79AE0069CD29 /* TiUIScrollableView+Extend.m */,
				B679C130177C79AE0069CD29 /* TiUISearchBar+Extended.h */,
				B679C131177C79AF0069CD29 /* TiUISearchBar+Extended.m */,
				B679C132177C79AF0069CD29 /* TiUITabGroup+Extend.h */,
				B679C133177C79AF0069CD29 /* TiUITabGroup+Extend.m */,
				B679C134177C79AF0069CD29 /* TiUITextField+Extended.h */,
				B679C135177C79AF0069CD29 /* TiUITextField+Extended.m */,
				B679C136177C79AF0069CD29 /* TiUIView+Animation.h */,
				B679C137177C79AF0069CD29 /* TiUIView+Animation.m */,
				B679C138177C79AF0069CD29 /* TiUIView+Gestures.h */,
				B679C139177C79AF0069CD29 /* TiUIView+Gestures.m */,
				B679C13A177C79AF0069CD29 /* TiUIView+TiUIWindow+Blurred.h */,
				B679C13B177C79AF0069CD29 /* TiUIView+TiUIWindow+Blurred.m */,
				B679C13C177C79AF0069CD29 /* TiUIView+WithShadow.h */,
				B679C13D177C79AF0069CD29 /* TiUIView+WithShadow.m */,
				B679C13E177C79AF0069CD29 /* TiUIWebView+Extend.h */,
				B679C13F177C79AF0069CD29 /* TiUIWebView+Extend.m */,
				B6A113261793249C0017AEF2 /* TiUIiPhoneNavigationGroupProxy+Extended.h */,
				B6A113271793249C0017AEF2 /* TiUIiPhoneNavigationGroupProxy+Extended.m */,
				24DE9E0F11C5FE74003F90F6 /* DkNappUiModuleAssets.h */,
				24DE9E1011C5FE74003F90F6 /* DkNappUiModuleAssets.m */,
				24DD6CF71134B3F500162E58 /* DkNappUiModule.h */,
				24DD6CF81134B3F500162E58 /* DkNappUiModule.m */,
			);
			name = Classes;
			sourceTree = "<group>";
		};
		32C88DFF0371C24200C91783 /* Other Sources */ = {
			isa = PBXGroup;
			children = (
				AA747D9E0F9514B9006C5449 /* DkNappUi_Prefix.pch */,
				24DD6D1B1134B66800162E58 /* titanium.xcconfig */,
			);
			name = "Other Sources";
			sourceTree = "<group>";
		};
/* End PBXGroup section */

/* Begin PBXHeadersBuildPhase section */
		D2AAC07A0554694100DB518D /* Headers */ = {
			isa = PBXHeadersBuildPhase;
			buildActionMask = 2147483647;
			files = (
				AA747D9F0F9514B9006C5449 /* DkNappUi_Prefix.pch in Headers */,
				B6655F42177C506F004E2E16 /* DkNappUiModuleAssets.h in Headers */,
				B679C158177C79D90069CD29 /* JRSwizzle.h in Headers */,
				B6080BF9179048DA00A05964 /* TiUIiOSToolbarProxy+Extended.h in Headers */,
				B6080BFA179048DA00A05964 /* TiUIPicker+Extended.h in Headers */,
				B6080BFB179048DA00A05964 /* TiUIScrollableView+Extend.h in Headers */,
				B6080BFC179048DA00A05964 /* TiUISearchBar+Extended.h in Headers */,
				B6080BFD179048DA00A05964 /* TiUITabGroup+Extend.h in Headers */,
				B6080BFE179048DA00A05964 /* TiUITextField+Extended.h in Headers */,
				B6080BFF179048DA00A05964 /* TiUIView+Animation.h in Headers */,
				B6080C00179048DA00A05964 /* TiUIView+Gestures.h in Headers */,
				B6080C01179048DA00A05964 /* TiUIView+TiUIWindow+Blurred.h in Headers */,
				B6080C02179048DA00A05964 /* TiUIView+WithShadow.h in Headers */,
				B6080C03179048DA00A05964 /* TiUIWebView+Extend.h in Headers */,
				B6A113281793249C0017AEF2 /* TiUIiPhoneNavigationGroupProxy+Extended.h in Headers */,
			);
			runOnlyForDeploymentPostprocessing = 0;
		};
/* End PBXHeadersBuildPhase section */

/* Begin PBXNativeTarget section */
		D2AAC07D0554694100DB518D /* nappui */ = {
			isa = PBXNativeTarget;
			buildConfigurationList = 1DEB921E08733DC00010E9CD /* Build configuration list for PBXNativeTarget "nappui" */;
			buildPhases = (
				D2AAC07A0554694100DB518D /* Headers */,
				D2AAC07B0554694100DB518D /* Sources */,
				D2AAC07C0554694100DB518D /* Frameworks */,
			);
			buildRules = (
			);
			dependencies = (
			);
			name = nappui;
			productName = nappui;
			productReference = D2AAC07E0554694100DB518D /* libDkNappUi.a */;
			productType = "com.apple.product-type.library.static";
		};
/* End PBXNativeTarget section */

/* Begin PBXProject section */
		0867D690FE84028FC02AAC07 /* Project object */ = {
			isa = PBXProject;
			buildConfigurationList = 1DEB922208733DC00010E9CD /* Build configuration list for PBXProject "nappui" */;
			compatibilityVersion = "Xcode 3.1";
			developmentRegion = English;
			hasScannedForEncodings = 1;
			knownRegions = (
				English,
				Japanese,
				French,
				German,
			);
			mainGroup = 0867D691FE84028FC02AAC07 /* nappui */;
			productRefGroup = 034768DFFF38A50411DB9C8B /* Products */;
			projectDirPath = "";
			projectRoot = "";
			targets = (
				D2AAC07D0554694100DB518D /* nappui */,
				24416B8111C4CA220047AFDD /* Build & Test */,
			);
		};
/* End PBXProject section */

/* Begin PBXShellScriptBuildPhase section */
		24416B8011C4CA220047AFDD /* ShellScript */ = {
			isa = PBXShellScriptBuildPhase;
			buildActionMask = 2147483647;
			files = (
			);
			inputPaths = (
			);
			outputPaths = (
			);
			runOnlyForDeploymentPostprocessing = 0;
			shellPath = /bin/sh;
			shellScript = "# shell script goes here\n\npython \"${TITANIUM_SDK}/titanium.py\" run --dir=\"${PROJECT_DIR}\"\nexit $?\n";
		};
/* End PBXShellScriptBuildPhase section */

/* Begin PBXSourcesBuildPhase section */
		D2AAC07B0554694100DB518D /* Sources */ = {
			isa = PBXSourcesBuildPhase;
			buildActionMask = 2147483647;
			files = (
				24DD6CFA1134B3F500162E58 /* DkNappUiModule.m in Sources */,
				24DE9E1211C5FE74003F90F6 /* DkNappUiModuleAssets.m in Sources */,
				B679C159177C79D90069CD29 /* JRSwizzle.m in Sources */,
				B6080C04179048ED00A05964 /* TiUIiOSToolbarProxy+Extended.m in Sources */,
				B6080C05179048ED00A05964 /* TiUIPicker+Extended.m in Sources */,
				B6080C06179048ED00A05964 /* TiUIScrollableView+Extend.m in Sources */,
				B6080C07179048ED00A05964 /* TiUISearchBar+Extended.m in Sources */,
				B6080C08179048ED00A05964 /* TiUITabGroup+Extend.m in Sources */,
				B6080C09179048ED00A05964 /* TiUITextField+Extended.m in Sources */,
				B6080C0A179048ED00A05964 /* TiUIView+Animation.m in Sources */,
				B6080C0B179048ED00A05964 /* TiUIView+Gestures.m in Sources */,
				B6080C0C179048ED00A05964 /* TiUIView+TiUIWindow+Blurred.m in Sources */,
				B6080C0D179048ED00A05964 /* TiUIView+WithShadow.m in Sources */,
				B6080C0E179048ED00A05964 /* TiUIWebView+Extend.m in Sources */,
				B6A113291793249C0017AEF2 /* TiUIiPhoneNavigationGroupProxy+Extended.m in Sources */,
			);
			runOnlyForDeploymentPostprocessing = 0;
		};
/* End PBXSourcesBuildPhase section */

/* Begin PBXTargetDependency section */
		24416B8511C4CA280047AFDD /* PBXTargetDependency */ = {
			isa = PBXTargetDependency;
			target = D2AAC07D0554694100DB518D /* nappui */;
			targetProxy = 24416B8411C4CA280047AFDD /* PBXContainerItemProxy */;
		};
/* End PBXTargetDependency section */

/* Begin XCBuildConfiguration section */
		1DEB921F08733DC00010E9CD /* Debug */ = {
			isa = XCBuildConfiguration;
			baseConfigurationReference = 24DD6D1B1134B66800162E58 /* titanium.xcconfig */;
			buildSettings = {
				ARCHS = "$(ARCHS_STANDARD_32_BIT)";
				"ARCHS[sdk=iphoneos*]" = (
					armv6,
					armv7,
				);
				"ARCHS[sdk=iphonesimulator*]" = i386;
				CODE_SIGN_IDENTITY = "iPhone Developer";
				"CODE_SIGN_IDENTITY[sdk=iphoneos*]" = "iPhone Developer";
				DSTROOT = /tmp/DkNappUi.dst;
				GCC_C_LANGUAGE_STANDARD = c99;
				GCC_OPTIMIZATION_LEVEL = 0;
				GCC_PRECOMPILE_PREFIX_HEADER = YES;
				GCC_PREFIX_HEADER = DkNappUi_Prefix.pch;
				GCC_PREPROCESSOR_DEFINITIONS = "TI_VERSION=$(TI_VERSION)";
				GCC_TREAT_WARNINGS_AS_ERRORS = NO;
				GCC_VERSION = "";
				GCC_WARN_ABOUT_RETURN_TYPE = NO;
				GCC_WARN_MISSING_PARENTHESES = NO;
				GCC_WARN_SHADOW = NO;
				GCC_WARN_STRICT_SELECTOR_MATCH = NO;
				GCC_WARN_UNUSED_FUNCTION = YES;
				GCC_WARN_UNUSED_PARAMETER = NO;
				GCC_WARN_UNUSED_VALUE = NO;
				GCC_WARN_UNUSED_VARIABLE = NO;
				INSTALL_PATH = /usr/local/lib;
				LIBRARY_SEARCH_PATHS = "";
				OTHER_CFLAGS = (
					"-DDEBUG",
					"-DTI_POST_1_2",
				);
				OTHER_LDFLAGS = (
					"-all_load",
					"-ObjC",
				);
				PRODUCT_NAME = DkNappUi;
				PROVISIONING_PROFILE = "";
				"PROVISIONING_PROFILE[sdk=iphoneos*]" = "";
				RUN_CLANG_STATIC_ANALYZER = NO;
				SDKROOT = iphoneos;
				USER_HEADER_SEARCH_PATHS = "";
			};
			name = Debug;
		};
		1DEB922008733DC00010E9CD /* Release */ = {
			isa = XCBuildConfiguration;
			baseConfigurationReference = 24DD6D1B1134B66800162E58 /* titanium.xcconfig */;
			buildSettings = {
				ALWAYS_SEARCH_USER_PATHS = NO;
				ARCHS = "$(ARCHS_STANDARD_32_BIT)";
				"ARCHS[sdk=iphoneos*]" = "$(ARCHS_STANDARD_32_BIT)";
				"ARCHS[sdk=iphonesimulator*]" = i386;
				DSTROOT = /tmp/DkNappUi.dst;
				GCC_C_LANGUAGE_STANDARD = c99;
				GCC_MODEL_TUNING = G5;
				GCC_PRECOMPILE_PREFIX_HEADER = YES;
				GCC_PREFIX_HEADER = DkNappUi_Prefix.pch;
				GCC_PREPROCESSOR_DEFINITIONS = "TI_VERSION=$(TI_VERSION)";
				GCC_TREAT_WARNINGS_AS_ERRORS = NO;
				GCC_VERSION = "";
				GCC_WARN_ABOUT_RETURN_TYPE = NO;
				GCC_WARN_MISSING_PARENTHESES = NO;
				GCC_WARN_SHADOW = NO;
				GCC_WARN_STRICT_SELECTOR_MATCH = NO;
				GCC_WARN_UNUSED_FUNCTION = YES;
				GCC_WARN_UNUSED_PARAMETER = NO;
				GCC_WARN_UNUSED_VALUE = NO;
				GCC_WARN_UNUSED_VARIABLE = NO;
				INSTALL_PATH = /usr/local/lib;
				IPHONEOS_DEPLOYMENT_TARGET = 5.0;
				LIBRARY_SEARCH_PATHS = "";
				OTHER_CFLAGS = "-DTI_POST_1_2";
				OTHER_LDFLAGS = (
					"-all_load",
					"-ObjC",
				);
				PRODUCT_NAME = DkNappUi;
				RUN_CLANG_STATIC_ANALYZER = NO;
				SDKROOT = iphoneos;
				USER_HEADER_SEARCH_PATHS = "";
			};
			name = Release;
		};
		1DEB922308733DC00010E9CD /* Debug */ = {
			isa = XCBuildConfiguration;
			baseConfigurationReference = 24DD6D1B1134B66800162E58 /* titanium.xcconfig */;
			buildSettings = {
				ARCHS = (
					armv6,
					armv7,
				);
				"ARCHS[sdk=iphoneos*]" = (
					armv6,
					armv7,
				);
				"ARCHS[sdk=iphonesimulator*]" = i386;
				CODE_SIGN_IDENTITY = "iPhone Developer";
				"CODE_SIGN_IDENTITY[sdk=iphoneos*]" = "iPhone Developer";
				DSTROOT = /tmp/DkNappUi.dst;
				GCC_C_LANGUAGE_STANDARD = c99;
				GCC_OPTIMIZATION_LEVEL = 0;
				GCC_PRECOMPILE_PREFIX_HEADER = YES;
				GCC_PREFIX_HEADER = DkNappUi_Prefix.pch;
				GCC_PREPROCESSOR_DEFINITIONS = "TI_VERSION=$(TI_VERSION)";
				GCC_TREAT_WARNINGS_AS_ERRORS = NO;
				GCC_VERSION = "";
				GCC_WARN_ABOUT_RETURN_TYPE = NO;
				GCC_WARN_MISSING_PARENTHESES = NO;
				GCC_WARN_SHADOW = NO;
				GCC_WARN_STRICT_SELECTOR_MATCH = NO;
				GCC_WARN_UNUSED_FUNCTION = YES;
				GCC_WARN_UNUSED_PARAMETER = NO;
				GCC_WARN_UNUSED_VALUE = NO;
				GCC_WARN_UNUSED_VARIABLE = NO;
				INSTALL_PATH = /usr/local/lib;
				OTHER_CFLAGS = (
					"-DDEBUG",
					"-DTI_POST_1_2",
				);
				OTHER_LDFLAGS = "-ObjC";
				PRODUCT_NAME = DkNappUi;
				PROVISIONING_PROFILE = "";
				"PROVISIONING_PROFILE[sdk=iphoneos*]" = "";
				RUN_CLANG_STATIC_ANALYZER = NO;
				SDKROOT = iphoneos;
				USER_HEADER_SEARCH_PATHS = "";
			};
			name = Debug;
		};
		1DEB922408733DC00010E9CD /* Release */ = {
			isa = XCBuildConfiguration;
			baseConfigurationReference = 24DD6D1B1134B66800162E58 /* titanium.xcconfig */;
			buildSettings = {
				ALWAYS_SEARCH_USER_PATHS = NO;
				ARCHS = (
					armv6,
					armv7,
				);
				"ARCHS[sdk=iphoneos*]" = (
					armv6,
					armv7,
				);
				"ARCHS[sdk=iphonesimulator*]" = i386;
				DSTROOT = /tmp/DkNappUi.dst;
				GCC_C_LANGUAGE_STANDARD = c99;
				GCC_MODEL_TUNING = G5;
				GCC_PRECOMPILE_PREFIX_HEADER = YES;
				GCC_PREFIX_HEADER = DkNappUi_Prefix.pch;
				GCC_PREPROCESSOR_DEFINITIONS = "TI_VERSION=$(TI_VERSION)";
				GCC_TREAT_WARNINGS_AS_ERRORS = NO;
				GCC_VERSION = "";
				GCC_WARN_ABOUT_RETURN_TYPE = NO;
				GCC_WARN_MISSING_PARENTHESES = NO;
				GCC_WARN_SHADOW = NO;
				GCC_WARN_STRICT_SELECTOR_MATCH = NO;
				GCC_WARN_UNUSED_FUNCTION = YES;
				GCC_WARN_UNUSED_PARAMETER = NO;
				GCC_WARN_UNUSED_VALUE = NO;
				GCC_WARN_UNUSED_VARIABLE = NO;
				INSTALL_PATH = /usr/local/lib;
				IPHONEOS_DEPLOYMENT_TARGET = 4.0;
				OTHER_CFLAGS = "-DTI_POST_1_2";
				OTHER_LDFLAGS = "-ObjC";
				PRODUCT_NAME = DkNappUi;
				RUN_CLANG_STATIC_ANALYZER = NO;
				SDKROOT = iphoneos;
				USER_HEADER_SEARCH_PATHS = "";
			};
			name = Release;
		};
		24416B8211C4CA220047AFDD /* Debug */ = {
			isa = XCBuildConfiguration;
			baseConfigurationReference = 24DD6D1B1134B66800162E58 /* titanium.xcconfig */;
			buildSettings = {
				ARCHS = "$(ARCHS_STANDARD_32_BIT)";
				COPY_PHASE_STRIP = NO;
				GCC_DYNAMIC_NO_PIC = NO;
				GCC_OPTIMIZATION_LEVEL = 0;
				OTHER_LDFLAGS = (
					"-ObjC",
					"-all_load",
				);
				PRODUCT_NAME = "Build & test";
			};
			name = Debug;
		};
		24416B8311C4CA220047AFDD /* Release */ = {
			isa = XCBuildConfiguration;
			baseConfigurationReference = 24DD6D1B1134B66800162E58 /* titanium.xcconfig */;
			buildSettings = {
				ARCHS = "$(ARCHS_STANDARD_32_BIT)";
				COPY_PHASE_STRIP = YES;
				DEBUG_INFORMATION_FORMAT = "dwarf-with-dsym";
				GCC_ENABLE_FIX_AND_CONTINUE = NO;
				IPHONEOS_DEPLOYMENT_TARGET = 5.0;
				OTHER_LDFLAGS = (
					"-ObjC",
					"-all_load",
				);
				PRODUCT_NAME = "Build & test";
				ZERO_LINK = NO;
			};
			name = Release;
		};
/* End XCBuildConfiguration section */

/* Begin XCConfigurationList section */
		1DEB921E08733DC00010E9CD /* Build configuration list for PBXNativeTarget "nappui" */ = {
			isa = XCConfigurationList;
			buildConfigurations = (
				1DEB921F08733DC00010E9CD /* Debug */,
				1DEB922008733DC00010E9CD /* Release */,
			);
			defaultConfigurationIsVisible = 0;
			defaultConfigurationName = Release;
		};
		1DEB922208733DC00010E9CD /* Build configuration list for PBXProject "nappui" */ = {
			isa = XCConfigurationList;
			buildConfigurations = (
				1DEB922308733DC00010E9CD /* Debug */,
				1DEB922408733DC00010E9CD /* Release */,
			);
			defaultConfigurationIsVisible = 0;
			defaultConfigurationName = Release;
		};
		24416B8A11C4CA520047AFDD /* Build configuration list for PBXAggregateTarget "Build & Test" */ = {
			isa = XCConfigurationList;
			buildConfigurations = (
				24416B8211C4CA220047AFDD /* Debug */,
				24416B8311C4CA220047AFDD /* Release */,
			);
			defaultConfigurationIsVisible = 0;
			defaultConfigurationName = Release;
		};
/* End XCConfigurationList section */
	};
	rootObject = 0867D690FE84028FC02AAC07 /* Project object */;
}
