// !$*UTF8*$!
{
	archiveVersion = 1;
	classes = {
	};
	objectVersion = 45;
	objects = {

/* Begin PBXAggregateTarget section */
		24416B8111C4CA220047AFDD /* Build & Test */ = {
			isa = PBXAggregateTarget;
			buildConfigurationList = 24416B8A11C4CA520047AFDD /* Build configuration list for PBXAggregateTarget "Build & Test" */;
			buildPhases = (
				24416B8011C4CA220047AFDD /* ShellScript */,
			);
			dependencies = (
				24416B8511C4CA280047AFDD /* PBXTargetDependency */,
			);
			name = "Build & Test";
			productName = "Build & test";
		};
/* End PBXAggregateTarget section */

/* Begin PBXBuildFile section */
		24DD6CFA1134B3F500162E58 /* DkNappUiModule.m in Sources */ = {isa = PBXBuildFile; fileRef = 24DD6CF81134B3F500162E58 /* DkNappUiModule.m */; };
		24DE9E1211C5FE74003F90F6 /* DkNappUiModuleAssets.m in Sources */ = {isa = PBXBuildFile; fileRef = 24DE9E1011C5FE74003F90F6 /* DkNappUiModuleAssets.m */; };
		AA747D9F0F9514B9006C5449 /* DkNappUi_Prefix.pch in Headers */ = {isa = PBXBuildFile; fileRef = AA747D9E0F9514B9006C5449 /* DkNappUi_Prefix.pch */; };
		AACBBE4A0F95108600F1A2B1 /* Foundation.framework in Frameworks */ = {isa = PBXBuildFile; fileRef = AACBBE490F95108600F1A2B1 /* Foundation.framework */; };
		B67223261755D9630074146C /* TiUIView+Gestures.m in Sources */ = {isa = PBXBuildFile; fileRef = B67223241755D9630074146C /* TiUIView+Gestures.m */; };
		B672232A175620090074146C /* TiUIView+TiUIWindow+Blurred.m in Sources */ = {isa = PBXBuildFile; fileRef = B6722328175620090074146C /* TiUIView+TiUIWindow+Blurred.m */; };
		B69F74CF17761F51007F0490 /* TiUIiOSToolbarProxy+Extended.m in Sources */ = {isa = PBXBuildFile; fileRef = B69F74CD17761F51007F0490 /* TiUIiOSToolbarProxy+Extended.m */; };
		B69F74D317761F6C007F0490 /* TiUIWebView+Extend.m in Sources */ = {isa = PBXBuildFile; fileRef = B69F74D117761F6C007F0490 /* TiUIWebView+Extend.m */; };
		B69F74D717761F9F007F0490 /* TiUIScrollableView+Extend.m in Sources */ = {isa = PBXBuildFile; fileRef = B69F74D517761F9F007F0490 /* TiUIScrollableView+Extend.m */; };
		B69F74DB177622B2007F0490 /* TiUITabGroup+Extend.m in Sources */ = {isa = PBXBuildFile; fileRef = B69F74D9177622B1007F0490 /* TiUITabGroup+Extend.m */; };
		B69F74DC17763EFB007F0490 /* TiUIView+WithShadow.m in Sources */ = {isa = PBXBuildFile; fileRef = B6B263E01742E3670016A667 /* TiUIView+WithShadow.m */; };
		B69F74DD17763F06007F0490 /* TiUIiOSToolbarProxy+Extended.h in Headers */ = {isa = PBXBuildFile; fileRef = B69F74CC17761F51007F0490 /* TiUIiOSToolbarProxy+Extended.h */; };
		B69F74DE17763F08007F0490 /* TiUITabGroup+Extend.h in Headers */ = {isa = PBXBuildFile; fileRef = B69F74D8177622B1007F0490 /* TiUITabGroup+Extend.h */; };
		B69F74DF17763F0B007F0490 /* TiUIPicker+Extended.h in Headers */ = {isa = PBXBuildFile; fileRef = B6B263D91742E3670016A667 /* TiUIPicker+Extended.h */; };
		B69F74E017763F32007F0490 /* TiUISearchBar+Extended.h in Headers */ = {isa = PBXBuildFile; fileRef = B6B263DB1742E3670016A667 /* TiUISearchBar+Extended.h */; };
		B69F74E117763F34007F0490 /* TiUISearchBar+Extended.m in Sources */ = {isa = PBXBuildFile; fileRef = B6B263DC1742E3670016A667 /* TiUISearchBar+Extended.m */; };
		B69F74E217763F36007F0490 /* TiUITextField+Extended.h in Headers */ = {isa = PBXBuildFile; fileRef = B6B263DD1742E3670016A667 /* TiUITextField+Extended.h */; };
		B69F74E317763F38007F0490 /* TiUITextField+Extended.m in Sources */ = {isa = PBXBuildFile; fileRef = B6B263DE1742E3670016A667 /* TiUITextField+Extended.m */; };
		B69F74E417763F3B007F0490 /* TiUIView+WithShadow.h in Headers */ = {isa = PBXBuildFile; fileRef = B6B263DF1742E3670016A667 /* TiUIView+WithShadow.h */; };
		B69F74E517763F46007F0490 /* TiUIView+Gestures.h in Headers */ = {isa = PBXBuildFile; fileRef = B67223231755D9630074146C /* TiUIView+Gestures.h */; };
		B69F74E617763F54007F0490 /* TiUIView+TiUIWindow+Blurred.h in Headers */ = {isa = PBXBuildFile; fileRef = B6722327175620090074146C /* TiUIView+TiUIWindow+Blurred.h */; };
		B69F74E717763F5A007F0490 /* TiUIWebView+Extend.h in Headers */ = {isa = PBXBuildFile; fileRef = B69F74D017761F6C007F0490 /* TiUIWebView+Extend.h */; };
		B69F74E817763F5E007F0490 /* TiUIScrollableView+Extend.h in Headers */ = {isa = PBXBuildFile; fileRef = B69F74D417761F9F007F0490 /* TiUIScrollableView+Extend.h */; };
		B69F74E917763F7F007F0490 /* TiUIView+Animation.h in Headers */ = {isa = PBXBuildFile; fileRef = B6B263E11742E3820016A667 /* TiUIView+Animation.h */; };
		B69F74EA17763F81007F0490 /* TiUIView+Animation.m in Sources */ = {isa = PBXBuildFile; fileRef = B6B263E21742E3820016A667 /* TiUIView+Animation.m */; };
		B69F74EB17764073007F0490 /* JRSwizzle.h in Headers */ = {isa = PBXBuildFile; fileRef = B6B263D61742E3670016A667 /* JRSwizzle.h */; };
		B69F74EC17764076007F0490 /* JRSwizzle.m in Sources */ = {isa = PBXBuildFile; fileRef = B6B263D71742E3670016A667 /* JRSwizzle.m */; };
/* End PBXBuildFile section */

/* Begin PBXContainerItemProxy section */
		24416B8411C4CA280047AFDD /* PBXContainerItemProxy */ = {
			isa = PBXContainerItemProxy;
			containerPortal = 0867D690FE84028FC02AAC07 /* Project object */;
			proxyType = 1;
			remoteGlobalIDString = D2AAC07D0554694100DB518D;
			remoteInfo = nappui;
		};
/* End PBXContainerItemProxy section */

/* Begin PBXFileReference section */
		24DD6CF71134B3F500162E58 /* DkNappUiModule.h */ = {isa = PBXFileReference; fileEncoding = 4; lastKnownFileType = sourcecode.c.h; name = DkNappUiModule.h; path = Classes/DkNappUiModule.h; sourceTree = "<group>"; };
		24DD6CF81134B3F500162E58 /* DkNappUiModule.m */ = {isa = PBXFileReference; fileEncoding = 4; lastKnownFileType = sourcecode.c.objc; name = DkNappUiModule.m; path = Classes/DkNappUiModule.m; sourceTree = "<group>"; };
		24DD6D1B1134B66800162E58 /* titanium.xcconfig */ = {isa = PBXFileReference; fileEncoding = 4; lastKnownFileType = text.xcconfig; path = titanium.xcconfig; sourceTree = "<group>"; };
		24DE9E0F11C5FE74003F90F6 /* DkNappUiModuleAssets.h */ = {isa = PBXFileReference; fileEncoding = 4; lastKnownFileType = sourcecode.c.h; name = DkNappUiModuleAssets.h; path = Classes/DkNappUiModuleAssets.h; sourceTree = "<group>"; };
		24DE9E1011C5FE74003F90F6 /* DkNappUiModuleAssets.m */ = {isa = PBXFileReference; fileEncoding = 4; lastKnownFileType = sourcecode.c.objc; name = DkNappUiModuleAssets.m; path = Classes/DkNappUiModuleAssets.m; sourceTree = "<group>"; };
		AA747D9E0F9514B9006C5449 /* DkNappUi_Prefix.pch */ = {isa = PBXFileReference; fileEncoding = 4; lastKnownFileType = sourcecode.c.h; path = DkNappUi_Prefix.pch; sourceTree = SOURCE_ROOT; };
		AACBBE490F95108600F1A2B1 /* Foundation.framework */ = {isa = PBXFileReference; lastKnownFileType = wrapper.framework; name = Foundation.framework; path = System/Library/Frameworks/Foundation.framework; sourceTree = SDKROOT; };
		B67223231755D9630074146C /* TiUIView+Gestures.h */ = {isa = PBXFileReference; fileEncoding = 4; lastKnownFileType = sourcecode.c.h; path = "TiUIView+Gestures.h"; sourceTree = "<group>"; };
		B67223241755D9630074146C /* TiUIView+Gestures.m */ = {isa = PBXFileReference; fileEncoding = 4; lastKnownFileType = sourcecode.c.objc; path = "TiUIView+Gestures.m"; sourceTree = "<group>"; };
		B6722327175620090074146C /* TiUIView+TiUIWindow+Blurred.h */ = {isa = PBXFileReference; fileEncoding = 4; lastKnownFileType = sourcecode.c.h; path = "TiUIView+TiUIWindow+Blurred.h"; sourceTree = "<group>"; };
		B6722328175620090074146C /* TiUIView+TiUIWindow+Blurred.m */ = {isa = PBXFileReference; fileEncoding = 4; lastKnownFileType = sourcecode.c.objc; path = "TiUIView+TiUIWindow+Blurred.m"; sourceTree = "<group>"; };
		B69F74CC17761F51007F0490 /* TiUIiOSToolbarProxy+Extended.h */ = {isa = PBXFileReference; fileEncoding = 4; lastKnownFileType = sourcecode.c.h; path = "TiUIiOSToolbarProxy+Extended.h"; sourceTree = "<group>"; };
		B69F74CD17761F51007F0490 /* TiUIiOSToolbarProxy+Extended.m */ = {isa = PBXFileReference; fileEncoding = 4; lastKnownFileType = sourcecode.c.objc; path = "TiUIiOSToolbarProxy+Extended.m"; sourceTree = "<group>"; };
		B69F74D017761F6C007F0490 /* TiUIWebView+Extend.h */ = {isa = PBXFileReference; fileEncoding = 4; lastKnownFileType = sourcecode.c.h; path = "TiUIWebView+Extend.h"; sourceTree = "<group>"; };
		B69F74D117761F6C007F0490 /* TiUIWebView+Extend.m */ = {isa = PBXFileReference; fileEncoding = 4; lastKnownFileType = sourcecode.c.objc; path = "TiUIWebView+Extend.m"; sourceTree = "<group>"; };
		B69F74D417761F9F007F0490 /* TiUIScrollableView+Extend.h */ = {isa = PBXFileReference; fileEncoding = 4; lastKnownFileType = sourcecode.c.h; path = "TiUIScrollableView+Extend.h"; sourceTree = "<group>"; };
		B69F74D517761F9F007F0490 /* TiUIScrollableView+Extend.m */ = {isa = PBXFileReference; fileEncoding = 4; lastKnownFileType = sourcecode.c.objc; path = "TiUIScrollableView+Extend.m"; sourceTree = "<group>"; };
		B69F74D8177622B1007F0490 /* TiUITabGroup+Extend.h */ = {isa = PBXFileReference; fileEncoding = 4; lastKnownFileType = sourcecode.c.h; path = "TiUITabGroup+Extend.h"; sourceTree = "<group>"; };
		B69F74D9177622B1007F0490 /* TiUITabGroup+Extend.m */ = {isa = PBXFileReference; fileEncoding = 4; lastKnownFileType = sourcecode.c.objc; path = "TiUITabGroup+Extend.m"; sourceTree = "<group>"; };
		B6B263D61742E3670016A667 /* JRSwizzle.h */ = {isa = PBXFileReference; fileEncoding = 4; lastKnownFileType = sourcecode.c.h; path = JRSwizzle.h; sourceTree = "<group>"; };
		B6B263D71742E3670016A667 /* JRSwizzle.m */ = {isa = PBXFileReference; fileEncoding = 4; lastKnownFileType = sourcecode.c.objc; path = JRSwizzle.m; sourceTree = "<group>"; };
		B6B263D91742E3670016A667 /* TiUIPicker+Extended.h */ = {isa = PBXFileReference; fileEncoding = 4; lastKnownFileType = sourcecode.c.h; path = "TiUIPicker+Extended.h"; sourceTree = "<group>"; };
		B6B263DA1742E3670016A667 /* TiUIPicker+Extended.m */ = {isa = PBXFileReference; fileEncoding = 4; lastKnownFileType = sourcecode.c.objc; path = "TiUIPicker+Extended.m"; sourceTree = "<group>"; };
		B6B263DB1742E3670016A667 /* TiUISearchBar+Extended.h */ = {isa = PBXFileReference; fileEncoding = 4; lastKnownFileType = sourcecode.c.h; path = "TiUISearchBar+Extended.h"; sourceTree = "<group>"; };
		B6B263DC1742E3670016A667 /* TiUISearchBar+Extended.m */ = {isa = PBXFileReference; fileEncoding = 4; lastKnownFileType = sourcecode.c.objc; path = "TiUISearchBar+Extended.m"; sourceTree = "<group>"; };
		B6B263DD1742E3670016A667 /* TiUITextField+Extended.h */ = {isa = PBXFileReference; fileEncoding = 4; lastKnownFileType = sourcecode.c.h; path = "TiUITextField+Extended.h"; sourceTree = "<group>"; };
		B6B263DE1742E3670016A667 /* TiUITextField+Extended.m */ = {isa = PBXFileReference; fileEncoding = 4; lastKnownFileType = sourcecode.c.objc; path = "TiUITextField+Extended.m"; sourceTree = "<group>"; };
		B6B263DF1742E3670016A667 /* TiUIView+WithShadow.h */ = {isa = PBXFileReference; fileEncoding = 4; lastKnownFileType = sourcecode.c.h; path = "TiUIView+WithShadow.h"; sourceTree = "<group>"; };
		B6B263E01742E3670016A667 /* TiUIView+WithShadow.m */ = {isa = PBXFileReference; fileEncoding = 4; lastKnownFileType = sourcecode.c.objc; path = "TiUIView+WithShadow.m"; sourceTree = "<group>"; };
		B6B263E11742E3820016A667 /* TiUIView+Animation.h */ = {isa = PBXFileReference; fileEncoding = 4; lastKnownFileType = sourcecode.c.h; path = "TiUIView+Animation.h"; sourceTree = "<group>"; };
		B6B263E21742E3820016A667 /* TiUIView+Animation.m */ = {isa = PBXFileReference; fileEncoding = 4; lastKnownFileType = sourcecode.c.objc; path = "TiUIView+Animation.m"; sourceTree = "<group>"; };
		D2AAC07E0554694100DB518D /* libDkNappUi.a */ = {isa = PBXFileReference; explicitFileType = archive.ar; includeInIndex = 0; path = libDkNappUi.a; sourceTree = BUILT_PRODUCTS_DIR; };
/* End PBXFileReference section */

/* Begin PBXFrameworksBuildPhase section */
		D2AAC07C0554694100DB518D /* Frameworks */ = {
			isa = PBXFrameworksBuildPhase;
			buildActionMask = 2147483647;
			files = (
				AACBBE4A0F95108600F1A2B1 /* Foundation.framework in Frameworks */,
			);
			runOnlyForDeploymentPostprocessing = 0;
		};
/* End PBXFrameworksBuildPhase section */

/* Begin PBXGroup section */
		034768DFFF38A50411DB9C8B /* Products */ = {
			isa = PBXGroup;
			children = (
				D2AAC07E0554694100DB518D /* libDkNappUi.a */,
			);
			name = Products;
			sourceTree = "<group>";
		};
		0867D691FE84028FC02AAC07 /* nappui */ = {
			isa = PBXGroup;
			children = (
				08FB77AEFE84172EC02AAC07 /* Classes */,
				32C88DFF0371C24200C91783 /* Other Sources */,
				0867D69AFE84028FC02AAC07 /* Frameworks */,
				034768DFFF38A50411DB9C8B /* Products */,
			);
			name = nappui;
			sourceTree = "<group>";
		};
		0867D69AFE84028FC02AAC07 /* Frameworks */ = {
			isa = PBXGroup;
			children = (
				AACBBE490F95108600F1A2B1 /* Foundation.framework */,
			);
			name = Frameworks;
			sourceTree = "<group>";
		};
		08FB77AEFE84172EC02AAC07 /* Classes */ = {
			isa = PBXGroup;
			children = (
				B6B263D51742E3670016A667 /* JRSwizzle */,
				B6B263D81742E3670016A667 /* Ti */,
				24DE9E0F11C5FE74003F90F6 /* DkNappUiModuleAssets.h */,
				24DE9E1011C5FE74003F90F6 /* DkNappUiModuleAssets.m */,
				24DD6CF71134B3F500162E58 /* DkNappUiModule.h */,
				24DD6CF81134B3F500162E58 /* DkNappUiModule.m */,
			);
			name = Classes;
			sourceTree = "<group>";
		};
		32C88DFF0371C24200C91783 /* Other Sources */ = {
			isa = PBXGroup;
			children = (
				AA747D9E0F9514B9006C5449 /* DkNappUi_Prefix.pch */,
				24DD6D1B1134B66800162E58 /* titanium.xcconfig */,
			);
			name = "Other Sources";
			sourceTree = "<group>";
		};
		B6B263D51742E3670016A667 /* JRSwizzle */ = {
			isa = PBXGroup;
			children = (
				B6B263D61742E3670016A667 /* JRSwizzle.h */,
				B6B263D71742E3670016A667 /* JRSwizzle.m */,
			);
			name = JRSwizzle;
			path = Classes/JRSwizzle;
			sourceTree = "<group>";
		};
		B6B263D81742E3670016A667 /* Ti */ = {
			isa = PBXGroup;
			children = (
				B69F74CC17761F51007F0490 /* TiUIiOSToolbarProxy+Extended.h */,
				B69F74CD17761F51007F0490 /* TiUIiOSToolbarProxy+Extended.m */,
				B69F74D8177622B1007F0490 /* TiUITabGroup+Extend.h */,
				B69F74D9177622B1007F0490 /* TiUITabGroup+Extend.m */,
				B6B263D91742E3670016A667 /* TiUIPicker+Extended.h */,
				B6B263DA1742E3670016A667 /* TiUIPicker+Extended.m */,
				B6B263DB1742E3670016A667 /* TiUISearchBar+Extended.h */,
				B6B263DC1742E3670016A667 /* TiUISearchBar+Extended.m */,
				B6B263DD1742E3670016A667 /* TiUITextField+Extended.h */,
				B6B263DE1742E3670016A667 /* TiUITextField+Extended.m */,
				B6B263DF1742E3670016A667 /* TiUIView+WithShadow.h */,
				B6B263E01742E3670016A667 /* TiUIView+WithShadow.m */,
				B67223231755D9630074146C /* TiUIView+Gestures.h */,
				B67223241755D9630074146C /* TiUIView+Gestures.m */,
				B6B263E11742E3820016A667 /* TiUIView+Animation.h */,
				B6B263E21742E3820016A667 /* TiUIView+Animation.m */,
				B6722327175620090074146C /* TiUIView+TiUIWindow+Blurred.h */,
				B6722328175620090074146C /* TiUIView+TiUIWindow+Blurred.m */,
				B69F74D017761F6C007F0490 /* TiUIWebView+Extend.h */,
				B69F74D117761F6C007F0490 /* TiUIWebView+Extend.m */,
				B69F74D417761F9F007F0490 /* TiUIScrollableView+Extend.h */,
				B69F74D517761F9F007F0490 /* TiUIScrollableView+Extend.m */,
			);
			name = Ti;
			path = Classes/Ti;
			sourceTree = "<group>";
		};
/* End PBXGroup section */

/* Begin PBXHeadersBuildPhase section */
		D2AAC07A0554694100DB518D /* Headers */ = {
			isa = PBXHeadersBuildPhase;
			buildActionMask = 2147483647;
			files = (
				AA747D9F0F9514B9006C5449 /* DkNappUi_Prefix.pch in Headers */,
				B69F74EB17764073007F0490 /* JRSwizzle.h in Headers */,
				B69F74DE17763F08007F0490 /* TiUITabGroup+Extend.h in Headers */,
				B69F74DF17763F0B007F0490 /* TiUIPicker+Extended.h in Headers */,
				B69F74E217763F36007F0490 /* TiUITextField+Extended.h in Headers */,
				B69F74E517763F46007F0490 /* TiUIView+Gestures.h in Headers */,
				B69F74E917763F7F007F0490 /* TiUIView+Animation.h in Headers */,
				B69F74E817763F5E007F0490 /* TiUIScrollableView+Extend.h in Headers */,
				B69F74E617763F54007F0490 /* TiUIView+TiUIWindow+Blurred.h in Headers */,
				B69F74E717763F5A007F0490 /* TiUIWebView+Extend.h in Headers */,
				B69F74E417763F3B007F0490 /* TiUIView+WithShadow.h in Headers */,
				B69F74E017763F32007F0490 /* TiUISearchBar+Extended.h in Headers */,
				B69F74DD17763F06007F0490 /* TiUIiOSToolbarProxy+Extended.h in Headers */,
			);
			runOnlyForDeploymentPostprocessing = 0;
		};
/* End PBXHeadersBuildPhase section */

/* Begin PBXNativeTarget section */
		D2AAC07D0554694100DB518D /* nappui */ = {
			isa = PBXNativeTarget;
			buildConfigurationList = 1DEB921E08733DC00010E9CD /* Build configuration list for PBXNativeTarget "nappui" */;
			buildPhases = (
				D2AAC07A0554694100DB518D /* Headers */,
				D2AAC07B0554694100DB518D /* Sources */,
				D2AAC07C0554694100DB518D /* Frameworks */,
			);
			buildRules = (
			);
			dependencies = (
			);
			name = nappui;
			productName = nappui;
			productReference = D2AAC07E0554694100DB518D /* libDkNappUi.a */;
			productType = "com.apple.product-type.library.static";
		};
/* End PBXNativeTarget section */

/* Begin PBXProject section */
		0867D690FE84028FC02AAC07 /* Project object */ = {
			isa = PBXProject;
			buildConfigurationList = 1DEB922208733DC00010E9CD /* Build configuration list for PBXProject "nappui" */;
			compatibilityVersion = "Xcode 3.1";
			developmentRegion = English;
			hasScannedForEncodings = 1;
			knownRegions = (
				English,
				Japanese,
				French,
				German,
			);
			mainGroup = 0867D691FE84028FC02AAC07 /* nappui */;
			productRefGroup = 034768DFFF38A50411DB9C8B /* Products */;
			projectDirPath = "";
			projectRoot = "";
			targets = (
				D2AAC07D0554694100DB518D /* nappui */,
				24416B8111C4CA220047AFDD /* Build & Test */,
			);
		};
/* End PBXProject section */

/* Begin PBXShellScriptBuildPhase section */
		24416B8011C4CA220047AFDD /* ShellScript */ = {
			isa = PBXShellScriptBuildPhase;
			buildActionMask = 2147483647;
			files = (
			);
			inputPaths = (
			);
			outputPaths = (
			);
			runOnlyForDeploymentPostprocessing = 0;
			shellPath = /bin/sh;
			shellScript = "# shell script goes here\n\npython \"${TITANIUM_SDK}/titanium.py\" run --dir=\"${PROJECT_DIR}\"\nexit $?\n";
		};
/* End PBXShellScriptBuildPhase section */

/* Begin PBXSourcesBuildPhase section */
		D2AAC07B0554694100DB518D /* Sources */ = {
			isa = PBXSourcesBuildPhase;
			buildActionMask = 2147483647;
			files = (
				24DD6CFA1134B3F500162E58 /* DkNappUiModule.m in Sources */,
				B69F74EC17764076007F0490 /* JRSwizzle.m in Sources */,
				B69F74EA17763F81007F0490 /* TiUIView+Animation.m in Sources */,
				24DE9E1211C5FE74003F90F6 /* DkNappUiModuleAssets.m in Sources */,
				B69F74D717761F9F007F0490 /* TiUIScrollableView+Extend.m in Sources */,
				B672232A175620090074146C /* TiUIView+TiUIWindow+Blurred.m in Sources */,
				B69F74D317761F6C007F0490 /* TiUIWebView+Extend.m in Sources */,
				B69F74DC17763EFB007F0490 /* TiUIView+WithShadow.m in Sources */,
				B69F74E117763F34007F0490 /* TiUISearchBar+Extended.m in Sources */,
				B67223261755D9630074146C /* TiUIView+Gestures.m in Sources */,
				B69F74CF17761F51007F0490 /* TiUIiOSToolbarProxy+Extended.m in Sources */,
				B69F74E317763F38007F0490 /* TiUITextField+Extended.m in Sources */,
				B69F74DB177622B2007F0490 /* TiUITabGroup+Extend.m in Sources */,
			);
			runOnlyForDeploymentPostprocessing = 0;
		};
/* End PBXSourcesBuildPhase section */

/* Begin PBXTargetDependency section */
		24416B8511C4CA280047AFDD /* PBXTargetDependency */ = {
			isa = PBXTargetDependency;
			target = D2AAC07D0554694100DB518D /* nappui */;
			targetProxy = 24416B8411C4CA280047AFDD /* PBXContainerItemProxy */;
		};
/* End PBXTargetDependency section */

/* Begin XCBuildConfiguration section */
		1DEB921F08733DC00010E9CD /* Debug */ = {
			isa = XCBuildConfiguration;
			baseConfigurationReference = 24DD6D1B1134B66800162E58 /* titanium.xcconfig */;
			buildSettings = {
				ARCHS = (
					armv6,
					armv7,
				);
				"ARCHS[sdk=iphoneos*]" = (
					armv6,
					armv7,
				);
				"ARCHS[sdk=iphonesimulator*]" = i386;
				CODE_SIGN_IDENTITY = "iPhone Developer";
				"CODE_SIGN_IDENTITY[sdk=iphoneos*]" = "iPhone Developer";
				DSTROOT = /tmp/DkNappUi.dst;
				GCC_C_LANGUAGE_STANDARD = c99;
				GCC_OPTIMIZATION_LEVEL = 0;
				GCC_PRECOMPILE_PREFIX_HEADER = YES;
				GCC_PREFIX_HEADER = DkNappUi_Prefix.pch;
				GCC_PREPROCESSOR_DEFINITIONS = "TI_VERSION=$(TI_VERSION)";
				GCC_TREAT_WARNINGS_AS_ERRORS = NO;
				GCC_VERSION = "";
				GCC_WARN_ABOUT_RETURN_TYPE = NO;
				GCC_WARN_MISSING_PARENTHESES = NO;
				GCC_WARN_SHADOW = NO;
				GCC_WARN_STRICT_SELECTOR_MATCH = NO;
				GCC_WARN_UNUSED_FUNCTION = YES;
				GCC_WARN_UNUSED_PARAMETER = NO;
				GCC_WARN_UNUSED_VALUE = NO;
				GCC_WARN_UNUSED_VARIABLE = NO;
				INSTALL_PATH = /usr/local/lib;
				LIBRARY_SEARCH_PATHS = "";
				OTHER_CFLAGS = (
					"-DDEBUG",
					"-DTI_POST_1_2",
				);
				OTHER_LDFLAGS = "-ObjC";
				PRODUCT_NAME = DkNappUi;
				PROVISIONING_PROFILE = "";
				"PROVISIONING_PROFILE[sdk=iphoneos*]" = "";
				RUN_CLANG_STATIC_ANALYZER = NO;
				SDKROOT = iphoneos;
				USER_HEADER_SEARCH_PATHS = "";
			};
			name = Debug;
		};
		1DEB922008733DC00010E9CD /* Release */ = {
			isa = XCBuildConfiguration;
			baseConfigurationReference = 24DD6D1B1134B66800162E58 /* titanium.xcconfig */;
			buildSettings = {
				ALWAYS_SEARCH_USER_PATHS = NO;
				ARCHS = (
					armv6,
					armv7,
				);
				"ARCHS[sdk=iphoneos*]" = (
					armv6,
					armv7,
				);
				"ARCHS[sdk=iphonesimulator*]" = i386;
				DSTROOT = /tmp/DkNappUi.dst;
				GCC_C_LANGUAGE_STANDARD = c99;
				GCC_MODEL_TUNING = G5;
				GCC_PRECOMPILE_PREFIX_HEADER = YES;
				GCC_PREFIX_HEADER = DkNappUi_Prefix.pch;
				GCC_PREPROCESSOR_DEFINITIONS = "TI_VERSION=$(TI_VERSION)";
				GCC_TREAT_WARNINGS_AS_ERRORS = NO;
				GCC_VERSION = "";
				GCC_WARN_ABOUT_RETURN_TYPE = NO;
				GCC_WARN_MISSING_PARENTHESES = NO;
				GCC_WARN_SHADOW = NO;
				GCC_WARN_STRICT_SELECTOR_MATCH = NO;
				GCC_WARN_UNUSED_FUNCTION = YES;
				GCC_WARN_UNUSED_PARAMETER = NO;
				GCC_WARN_UNUSED_VALUE = NO;
				GCC_WARN_UNUSED_VARIABLE = NO;
				INSTALL_PATH = /usr/local/lib;
				IPHONEOS_DEPLOYMENT_TARGET = 4.0;
				LIBRARY_SEARCH_PATHS = "";
				OTHER_CFLAGS = "-DTI_POST_1_2";
				OTHER_LDFLAGS = "-ObjC";
				PRODUCT_NAME = DkNappUi;
				RUN_CLANG_STATIC_ANALYZER = NO;
				SDKROOT = iphoneos;
				USER_HEADER_SEARCH_PATHS = "";
			};
			name = Release;
		};
		1DEB922308733DC00010E9CD /* Debug */ = {
			isa = XCBuildConfiguration;
			baseConfigurationReference = 24DD6D1B1134B66800162E58 /* titanium.xcconfig */;
			buildSettings = {
				ARCHS = (
					armv6,
					armv7,
				);
				"ARCHS[sdk=iphoneos*]" = (
					armv6,
					armv7,
				);
				"ARCHS[sdk=iphonesimulator*]" = i386;
				CODE_SIGN_IDENTITY = "iPhone Developer";
				"CODE_SIGN_IDENTITY[sdk=iphoneos*]" = "iPhone Developer";
				DSTROOT = /tmp/DkNappUi.dst;
				GCC_C_LANGUAGE_STANDARD = c99;
				GCC_OPTIMIZATION_LEVEL = 0;
				GCC_PRECOMPILE_PREFIX_HEADER = YES;
				GCC_PREFIX_HEADER = DkNappUi_Prefix.pch;
				GCC_PREPROCESSOR_DEFINITIONS = "TI_VERSION=$(TI_VERSION)";
				GCC_TREAT_WARNINGS_AS_ERRORS = NO;
				GCC_VERSION = "";
				GCC_WARN_ABOUT_RETURN_TYPE = NO;
				GCC_WARN_MISSING_PARENTHESES = NO;
				GCC_WARN_SHADOW = NO;
				GCC_WARN_STRICT_SELECTOR_MATCH = NO;
				GCC_WARN_UNUSED_FUNCTION = YES;
				GCC_WARN_UNUSED_PARAMETER = NO;
				GCC_WARN_UNUSED_VALUE = NO;
				GCC_WARN_UNUSED_VARIABLE = NO;
				INSTALL_PATH = /usr/local/lib;
				OTHER_CFLAGS = (
					"-DDEBUG",
					"-DTI_POST_1_2",
				);
				OTHER_LDFLAGS = "-ObjC";
				PRODUCT_NAME = DkNappUi;
				PROVISIONING_PROFILE = "";
				"PROVISIONING_PROFILE[sdk=iphoneos*]" = "";
				RUN_CLANG_STATIC_ANALYZER = NO;
				SDKROOT = iphoneos;
				USER_HEADER_SEARCH_PATHS = "";
			};
			name = Debug;
		};
		1DEB922408733DC00010E9CD /* Release */ = {
			isa = XCBuildConfiguration;
			baseConfigurationReference = 24DD6D1B1134B66800162E58 /* titanium.xcconfig */;
			buildSettings = {
				ALWAYS_SEARCH_USER_PATHS = NO;
				ARCHS = (
					armv6,
					armv7,
				);
				"ARCHS[sdk=iphoneos*]" = (
					armv6,
					armv7,
				);
				"ARCHS[sdk=iphonesimulator*]" = i386;
				DSTROOT = /tmp/DkNappUi.dst;
				GCC_C_LANGUAGE_STANDARD = c99;
				GCC_MODEL_TUNING = G5;
				GCC_PRECOMPILE_PREFIX_HEADER = YES;
				GCC_PREFIX_HEADER = DkNappUi_Prefix.pch;
				GCC_PREPROCESSOR_DEFINITIONS = "TI_VERSION=$(TI_VERSION)";
				GCC_TREAT_WARNINGS_AS_ERRORS = NO;
				GCC_VERSION = "";
				GCC_WARN_ABOUT_RETURN_TYPE = NO;
				GCC_WARN_MISSING_PARENTHESES = NO;
				GCC_WARN_SHADOW = NO;
				GCC_WARN_STRICT_SELECTOR_MATCH = NO;
				GCC_WARN_UNUSED_FUNCTION = YES;
				GCC_WARN_UNUSED_PARAMETER = NO;
				GCC_WARN_UNUSED_VALUE = NO;
				GCC_WARN_UNUSED_VARIABLE = NO;
				INSTALL_PATH = /usr/local/lib;
				IPHONEOS_DEPLOYMENT_TARGET = 4.0;
				OTHER_CFLAGS = "-DTI_POST_1_2";
				OTHER_LDFLAGS = "-ObjC";
				PRODUCT_NAME = DkNappUi;
				RUN_CLANG_STATIC_ANALYZER = NO;
				SDKROOT = iphoneos;
				USER_HEADER_SEARCH_PATHS = "";
			};
			name = Release;
		};
		24416B8211C4CA220047AFDD /* Debug */ = {
			isa = XCBuildConfiguration;
			baseConfigurationReference = 24DD6D1B1134B66800162E58 /* titanium.xcconfig */;
			buildSettings = {
				COPY_PHASE_STRIP = NO;
				GCC_DYNAMIC_NO_PIC = NO;
				GCC_OPTIMIZATION_LEVEL = 0;
				PRODUCT_NAME = "Build & test";
			};
			name = Debug;
		};
		24416B8311C4CA220047AFDD /* Release */ = {
			isa = XCBuildConfiguration;
			baseConfigurationReference = 24DD6D1B1134B66800162E58 /* titanium.xcconfig */;
			buildSettings = {
				COPY_PHASE_STRIP = YES;
				DEBUG_INFORMATION_FORMAT = "dwarf-with-dsym";
				GCC_ENABLE_FIX_AND_CONTINUE = NO;
				PRODUCT_NAME = "Build & test";
				ZERO_LINK = NO;
			};
			name = Release;
		};
/* End XCBuildConfiguration section */

/* Begin XCConfigurationList section */
		1DEB921E08733DC00010E9CD /* Build configuration list for PBXNativeTarget "nappui" */ = {
			isa = XCConfigurationList;
			buildConfigurations = (
				1DEB921F08733DC00010E9CD /* Debug */,
				1DEB922008733DC00010E9CD /* Release */,
			);
			defaultConfigurationIsVisible = 0;
			defaultConfigurationName = Release;
		};
		1DEB922208733DC00010E9CD /* Build configuration list for PBXProject "nappui" */ = {
			isa = XCConfigurationList;
			buildConfigurations = (
				1DEB922308733DC00010E9CD /* Debug */,
				1DEB922408733DC00010E9CD /* Release */,
			);
			defaultConfigurationIsVisible = 0;
			defaultConfigurationName = Release;
		};
		24416B8A11C4CA520047AFDD /* Build configuration list for PBXAggregateTarget "Build & Test" */ = {
			isa = XCConfigurationList;
			buildConfigurations = (
				24416B8211C4CA220047AFDD /* Debug */,
				24416B8311C4CA220047AFDD /* Release */,
			);
			defaultConfigurationIsVisible = 0;
			defaultConfigurationName = Release;
		};
/* End XCConfigurationList section */
	};
	rootObject = 0867D690FE84028FC02AAC07 /* Project object */;
}
